
Microsoft Visual Studio Solution File, Format Version 12.00
# Visual Studio Version 17
VisualStudioVersion = 17.0.31903.59
MinimumVisualStudioVersion = 10.0.40219.1
Project("{8BC9CEB8-8B4A-11D0-8D11-00A0C91BC942}") = "lab_6", "lab_6\lab_6.vcxproj", "{E4961340-3611-4E87-87FD-99E748D1C292}"
EndProject
Global
	GlobalSection(SolutionConfigurationPlatforms) = preSolution
		Debug|x64 = Debug|x64
		Debug|x86 = Debug|x86
		Release|x64 = Release|x64
		Release|x86 = Release|x86
	EndGlobalSection
	GlobalSection(ProjectConfigurationPlatforms) = postSolution
		{E4961340-3611-4E87-87FD-99E748D1C292}.Debug|x64.ActiveCfg = Debug|x64
		{E4961340-3611-4E87-87FD-99E748D1C292}.Debug|x64.Build.0 = Debug|x64
		{E4961340-3611-4E87-87FD-99E748D1C292}.Debug|x86.ActiveCfg = Debug|Win32
		{E4961340-3611-4E87-87FD-99E748D1C292}.Debug|x86.Build.0 = Debug|Win32
		{E4961340-3611-4E87-87FD-99E748D1C292}.Release|x64.ActiveCfg = Release|x64
		{E4961340-3611-4E87-87FD-99E748D1C292}.Release|x64.Build.0 = Release|x64
		{E4961340-3611-4E87-87FD-99E748D1C292}.Release|x86.ActiveCfg = Release|Win32
		{E4961340-3611-4E87-87FD-99E748D1C292}.Release|x86.Build.0 = Release|Win32
	EndGlobalSection
	GlobalSection(SolutionProperties) = preSolution
		HideSolutionNode = FALSE
	EndGlobalSection
	GlobalSection(ExtensibilityGlobals) = postSolution
		SolutionGuid = {60E05334-6CE3-4F17-8236-F8CD21E50E2D}
	EndGlobalSection
EndGlobal
